// !$*UTF8*$!
{
	archiveVersion = 1;
	classes = {
	};
	objectVersion = 54;
	objects = {

/* Begin PBXBuildFile section */
		682D3E632BB490DB00A29358 /* CreditsViewController.swift in Sources */ = {isa = PBXBuildFile; fileRef = 682D3E622BB490DB00A29358 /* CreditsViewController.swift */; };
		682D3E662BB490EA00A29358 /* GameViewController.swift in Sources */ = {isa = PBXBuildFile; fileRef = 682D3E652BB490EA00A29358 /* GameViewController.swift */; };
		688281692BB1D8DF007DC69D /* AppDelegate.swift in Sources */ = {isa = PBXBuildFile; fileRef = 688281682BB1D8DF007DC69D /* AppDelegate.swift */; };
		6882816B2BB1D8DF007DC69D /* SceneDelegate.swift in Sources */ = {isa = PBXBuildFile; fileRef = 6882816A2BB1D8DF007DC69D /* SceneDelegate.swift */; };
		688281702BB1D8DF007DC69D /* Main.storyboard in Resources */ = {isa = PBXBuildFile; fileRef = 6882816E2BB1D8DF007DC69D /* Main.storyboard */; };
		688281722BB1D8EB007DC69D /* Assets.xcassets in Resources */ = {isa = PBXBuildFile; fileRef = 688281712BB1D8EB007DC69D /* Assets.xcassets */; };
		688281752BB1D8EB007DC69D /* LaunchScreen.storyboard in Resources */ = {isa = PBXBuildFile; fileRef = 688281732BB1D8EB007DC69D /* LaunchScreen.storyboard */; };
		688281862BB1EE3C007DC69D /* MenuViewController.swift in Sources */ = {isa = PBXBuildFile; fileRef = 688281852BB1EE3C007DC69D /* MenuViewController.swift */; };
		688281892BB1EEC6007DC69D /* SplashViewController.swift in Sources */ = {isa = PBXBuildFile; fileRef = 688281882BB1EEC6007DC69D /* SplashViewController.swift */; };
		68F7E1A82BBC7AD600BC8FF8 /* 06. Let's Get Together Now!.mp3 in Resources */ = {isa = PBXBuildFile; fileRef = 68F7E1A72BBC7AD600BC8FF8 /* 06. Let's Get Together Now!.mp3 */; };
		68F7E1AB2BBC7B9400BC8FF8 /* hangmanlogo.png in Resources */ = {isa = PBXBuildFile; fileRef = 68F7E1AA2BBC7B9300BC8FF8 /* hangmanlogo.png */; };
		68F7E1AF2BBC7C2C00BC8FF8 /* backgroundgame.jpeg in Resources */ = {isa = PBXBuildFile; fileRef = 68F7E1AE2BBC7C2C00BC8FF8 /* backgroundgame.jpeg */; };
		68F7E1B32BBC7C4700BC8FF8 /* omoriback.jpeg in Resources */ = {isa = PBXBuildFile; fileRef = 68F7E1B22BBC7C4700BC8FF8 /* omoriback.jpeg */; };
		68F7E1B72BBC7C9000BC8FF8 /* jafetsprite.png in Resources */ = {isa = PBXBuildFile; fileRef = 68F7E1B62BBC7C9000BC8FF8 /* jafetsprite.png */; };
		68F7E1BB2BBC7CA100BC8FF8 /* arisprite.png in Resources */ = {isa = PBXBuildFile; fileRef = 68F7E1BA2BBC7CA100BC8FF8 /* arisprite.png */; };
		68F7E1BF2BBC7CB600BC8FF8 /* jonathansprite.png in Resources */ = {isa = PBXBuildFile; fileRef = 68F7E1BE2BBC7CB600BC8FF8 /* jonathansprite.png */; };
		68F7E1C42BBCA08900BC8FF8 /* RecordViewController.swift in Sources */ = {isa = PBXBuildFile; fileRef = 68F7E1C32BBCA08900BC8FF8 /* RecordViewController.swift */; };
/* End PBXBuildFile section */

/* Begin PBXFileReference section */
		682D3E622BB490DB00A29358 /* CreditsViewController.swift */ = {isa = PBXFileReference; lastKnownFileType = sourcecode.swift; path = CreditsViewController.swift; sourceTree = "<group>"; };
		682D3E652BB490EA00A29358 /* GameViewController.swift */ = {isa = PBXFileReference; lastKnownFileType = sourcecode.swift; path = GameViewController.swift; sourceTree = "<group>"; };
		688281652BB1D8DF007DC69D /* Ahorcado.app */ = {isa = PBXFileReference; explicitFileType = wrapper.application; includeInIndex = 0; path = Ahorcado.app; sourceTree = BUILT_PRODUCTS_DIR; };
		688281682BB1D8DF007DC69D /* AppDelegate.swift */ = {isa = PBXFileReference; lastKnownFileType = sourcecode.swift; path = AppDelegate.swift; sourceTree = "<group>"; };
		6882816A2BB1D8DF007DC69D /* SceneDelegate.swift */ = {isa = PBXFileReference; lastKnownFileType = sourcecode.swift; path = SceneDelegate.swift; sourceTree = "<group>"; };
		6882816F2BB1D8DF007DC69D /* Base */ = {isa = PBXFileReference; lastKnownFileType = file.storyboard; name = Base; path = Base.lproj/Main.storyboard; sourceTree = "<group>"; };
		688281712BB1D8EB007DC69D /* Assets.xcassets */ = {isa = PBXFileReference; lastKnownFileType = folder.assetcatalog; path = Assets.xcassets; sourceTree = "<group>"; };
		688281742BB1D8EB007DC69D /* Base */ = {isa = PBXFileReference; lastKnownFileType = file.storyboard; name = Base; path = Base.lproj/LaunchScreen.storyboard; sourceTree = "<group>"; };
		688281762BB1D8EB007DC69D /* Info.plist */ = {isa = PBXFileReference; lastKnownFileType = text.plist.xml; path = Info.plist; sourceTree = "<group>"; };
		688281852BB1EE3C007DC69D /* MenuViewController.swift */ = {isa = PBXFileReference; lastKnownFileType = sourcecode.swift; path = MenuViewController.swift; sourceTree = "<group>"; };
		688281882BB1EEC6007DC69D /* SplashViewController.swift */ = {isa = PBXFileReference; lastKnownFileType = sourcecode.swift; path = SplashViewController.swift; sourceTree = "<group>"; };
		68F7E1A72BBC7AD600BC8FF8 /* 06. Let's Get Together Now!.mp3 */ = {isa = PBXFileReference; lastKnownFileType = audio.mp3; path = "06. Let's Get Together Now!.mp3"; sourceTree = "<group>"; };
		68F7E1AA2BBC7B9300BC8FF8 /* hangmanlogo.png */ = {isa = PBXFileReference; lastKnownFileType = image.png; path = hangmanlogo.png; sourceTree = "<group>"; };
		68F7E1AE2BBC7C2C00BC8FF8 /* backgroundgame.jpeg */ = {isa = PBXFileReference; lastKnownFileType = image.jpeg; path = backgroundgame.jpeg; sourceTree = "<group>"; };
		68F7E1B22BBC7C4700BC8FF8 /* omoriback.jpeg */ = {isa = PBXFileReference; lastKnownFileType = image.jpeg; path = omoriback.jpeg; sourceTree = "<group>"; };
		68F7E1B62BBC7C9000BC8FF8 /* jafetsprite.png */ = {isa = PBXFileReference; lastKnownFileType = image.png; path = jafetsprite.png; sourceTree = "<group>"; };
		68F7E1BA2BBC7CA100BC8FF8 /* arisprite.png */ = {isa = PBXFileReference; lastKnownFileType = image.png; path = arisprite.png; sourceTree = "<group>"; };
		68F7E1BE2BBC7CB600BC8FF8 /* jonathansprite.png */ = {isa = PBXFileReference; lastKnownFileType = image.png; path = jonathansprite.png; sourceTree = "<group>"; };
		68F7E1C32BBCA08900BC8FF8 /* RecordViewController.swift */ = {isa = PBXFileReference; lastKnownFileType = sourcecode.swift; path = RecordViewController.swift; sourceTree = "<group>"; };
/* End PBXFileReference section */

/* Begin PBXFrameworksBuildPhase section */
		688281622BB1D8DF007DC69D /* Frameworks */ = {
			isa = PBXFrameworksBuildPhase;
			buildActionMask = 2147483647;
			files = (
			);
			runOnlyForDeploymentPostprocessing = 0;
		};
/* End PBXFrameworksBuildPhase section */

/* Begin PBXGroup section */
		6882815C2BB1D8DF007DC69D = {
			isa = PBXGroup;
			children = (
				688281672BB1D8DF007DC69D /* Ahorcado */,
				688281662BB1D8DF007DC69D /* Products */,
			);
			sourceTree = "<group>";
		};
		688281662BB1D8DF007DC69D /* Products */ = {
			isa = PBXGroup;
			children = (
				688281652BB1D8DF007DC69D /* Ahorcado.app */,
			);
			name = Products;
			sourceTree = "<group>";
		};
		688281672BB1D8DF007DC69D /* Ahorcado */ = {
			isa = PBXGroup;
			children = (
				688281682BB1D8DF007DC69D /* AppDelegate.swift */,
				6882816A2BB1D8DF007DC69D /* SceneDelegate.swift */,
				688281852BB1EE3C007DC69D /* MenuViewController.swift */,
				688281882BB1EEC6007DC69D /* SplashViewController.swift */,
				68F7E1C32BBCA08900BC8FF8 /* RecordViewController.swift */,
				682D3E652BB490EA00A29358 /* GameViewController.swift */,
				682D3E622BB490DB00A29358 /* CreditsViewController.swift */,
				6882816E2BB1D8DF007DC69D /* Main.storyboard */,
				688281712BB1D8EB007DC69D /* Assets.xcassets */,
				68F7E1A62BBC7AD600BC8FF8 /* Music */,
				6882817D2BB1E419007DC69D /* images */,
				688281732BB1D8EB007DC69D /* LaunchScreen.storyboard */,
				688281762BB1D8EB007DC69D /* Info.plist */,
			);
			path = Ahorcado;
			sourceTree = "<group>";
		};
		6882817D2BB1E419007DC69D /* images */ = {
			isa = PBXGroup;
			children = (
				68F7E1BA2BBC7CA100BC8FF8 /* arisprite.png */,
				68F7E1B62BBC7C9000BC8FF8 /* jafetsprite.png */,
				68F7E1BE2BBC7CB600BC8FF8 /* jonathansprite.png */,
				68F7E1AE2BBC7C2C00BC8FF8 /* backgroundgame.jpeg */,
				68F7E1B22BBC7C4700BC8FF8 /* omoriback.jpeg */,
				68F7E1AA2BBC7B9300BC8FF8 /* hangmanlogo.png */,
			);
			path = images;
			sourceTree = "<group>";
		};
		68F7E1A62BBC7AD600BC8FF8 /* Music */ = {
			isa = PBXGroup;
			children = (
				68F7E1A72BBC7AD600BC8FF8 /* 06. Let's Get Together Now!.mp3 */,
			);
			path = Music;
			sourceTree = "<group>";
		};
/* End PBXGroup section */

/* Begin PBXNativeTarget section */
		688281642BB1D8DF007DC69D /* Ahorcado */ = {
			isa = PBXNativeTarget;
			buildConfigurationList = 688281792BB1D8EB007DC69D /* Build configuration list for PBXNativeTarget "Ahorcado" */;
			buildPhases = (
				688281612BB1D8DF007DC69D /* Sources */,
				688281622BB1D8DF007DC69D /* Frameworks */,
				688281632BB1D8DF007DC69D /* Resources */,
			);
			buildRules = (
			);
			dependencies = (
			);
			name = Ahorcado;
			productName = Ahorcado;
			productReference = 688281652BB1D8DF007DC69D /* Ahorcado.app */;
			productType = "com.apple.product-type.application";
		};
/* End PBXNativeTarget section */

/* Begin PBXProject section */
		6882815D2BB1D8DF007DC69D /* Project object */ = {
			isa = PBXProject;
			attributes = {
				LastSwiftUpdateCheck = 1240;
				LastUpgradeCheck = 1240;
				TargetAttributes = {
					688281642BB1D8DF007DC69D = {
						CreatedOnToolsVersion = 12.4;
					};
				};
			};
			buildConfigurationList = 688281602BB1D8DF007DC69D /* Build configuration list for PBXProject "Ahorcado" */;
			compatibilityVersion = "Xcode 12.0";
			developmentRegion = en;
			hasScannedForEncodings = 0;
			knownRegions = (
				en,
				Base,
			);
			mainGroup = 6882815C2BB1D8DF007DC69D;
			productRefGroup = 688281662BB1D8DF007DC69D /* Products */;
			projectDirPath = "";
			projectRoot = "";
			targets = (
				688281642BB1D8DF007DC69D /* Ahorcado */,
			);
		};
/* End PBXProject section */

/* Begin PBXResourcesBuildPhase section */
		688281632BB1D8DF007DC69D /* Resources */ = {
			isa = PBXResourcesBuildPhase;
			buildActionMask = 2147483647;
			files = (
				688281752BB1D8EB007DC69D /* LaunchScreen.storyboard in Resources */,
				68F7E1B72BBC7C9000BC8FF8 /* jafetsprite.png in Resources */,
				68F7E1A82BBC7AD600BC8FF8 /* 06. Let's Get Together Now!.mp3 in Resources */,
				68F7E1AB2BBC7B9400BC8FF8 /* hangmanlogo.png in Resources */,
				68F7E1B32BBC7C4700BC8FF8 /* omoriback.jpeg in Resources */,
				688281722BB1D8EB007DC69D /* Assets.xcassets in Resources */,
				68F7E1BB2BBC7CA100BC8FF8 /* arisprite.png in Resources */,
				688281702BB1D8DF007DC69D /* Main.storyboard in Resources */,
				68F7E1AF2BBC7C2C00BC8FF8 /* backgroundgame.jpeg in Resources */,
				68F7E1BF2BBC7CB600BC8FF8 /* jonathansprite.png in Resources */,
			);
			runOnlyForDeploymentPostprocessing = 0;
		};
/* End PBXResourcesBuildPhase section */

/* Begin PBXSourcesBuildPhase section */
		688281612BB1D8DF007DC69D /* Sources */ = {
			isa = PBXSourcesBuildPhase;
			buildActionMask = 2147483647;
			files = (
				688281692BB1D8DF007DC69D /* AppDelegate.swift in Sources */,
				6882816B2BB1D8DF007DC69D /* SceneDelegate.swift in Sources */,
				688281862BB1EE3C007DC69D /* MenuViewController.swift in Sources */,
				68F7E1C42BBCA08900BC8FF8 /* RecordViewController.swift in Sources */,
				688281892BB1EEC6007DC69D /* SplashViewController.swift in Sources */,
				682D3E662BB490EA00A29358 /* GameViewController.swift in Sources */,
				682D3E632BB490DB00A29358 /* CreditsViewController.swift in Sources */,
			);
			runOnlyForDeploymentPostprocessing = 0;
		};
/* End PBXSourcesBuildPhase section */

/* Begin PBXVariantGroup section */
		6882816E2BB1D8DF007DC69D /* Main.storyboard */ = {
			isa = PBXVariantGroup;
			children = (
				6882816F2BB1D8DF007DC69D /* Base */,
			);
			name = Main.storyboard;
			sourceTree = "<group>";
		};
		688281732BB1D8EB007DC69D /* LaunchScreen.storyboard */ = {
			isa = PBXVariantGroup;
			children = (
				688281742BB1D8EB007DC69D /* Base */,
			);
			name = LaunchScreen.storyboard;
			sourceTree = "<group>";
		};
/* End PBXVariantGroup section */

/* Begin XCBuildConfiguration section */
		688281772BB1D8EB007DC69D /* Debug */ = {
			isa = XCBuildConfiguration;
			buildSettings = {
				ALWAYS_SEARCH_USER_PATHS = NO;
				CLANG_ANALYZER_NONNULL = YES;
				CLANG_ANALYZER_NUMBER_OBJECT_CONVERSION = YES_AGGRESSIVE;
				CLANG_CXX_LANGUAGE_STANDARD = "gnu++14";
				CLANG_CXX_LIBRARY = "libc++";
				CLANG_ENABLE_MODULES = YES;
				CLANG_ENABLE_OBJC_ARC = YES;
				CLANG_ENABLE_OBJC_WEAK = YES;
				CLANG_WARN_BLOCK_CAPTURE_AUTORELEASING = YES;
				CLANG_WARN_BOOL_CONVERSION = YES;
				CLANG_WARN_COMMA = YES;
				CLANG_WARN_CONSTANT_CONVERSION = YES;
				CLANG_WARN_DEPRECATED_OBJC_IMPLEMENTATIONS = YES;
				CLANG_WARN_DIRECT_OBJC_ISA_USAGE = YES_ERROR;
				CLANG_WARN_DOCUMENTATION_COMMENTS = YES;
				CLANG_WARN_EMPTY_BODY = YES;
				CLANG_WARN_ENUM_CONVERSION = YES;
				CLANG_WARN_INFINITE_RECURSION = YES;
				CLANG_WARN_INT_CONVERSION = YES;
				CLANG_WARN_NON_LITERAL_NULL_CONVERSION = YES;
				CLANG_WARN_OBJC_IMPLICIT_RETAIN_SELF = YES;
				CLANG_WARN_OBJC_LITERAL_CONVERSION = YES;
				CLANG_WARN_OBJC_ROOT_CLASS = YES_ERROR;
				CLANG_WARN_QUOTED_INCLUDE_IN_FRAMEWORK_HEADER = YES;
				CLANG_WARN_RANGE_LOOP_ANALYSIS = YES;
				CLANG_WARN_STRICT_PROTOTYPES = YES;
				CLANG_WARN_SUSPICIOUS_MOVE = YES;
				CLANG_WARN_UNGUARDED_AVAILABILITY = YES_AGGRESSIVE;
				CLANG_WARN_UNREACHABLE_CODE = YES;
				CLANG_WARN__DUPLICATE_METHOD_MATCH = YES;
				COPY_PHASE_STRIP = NO;
				DEBUG_INFORMATION_FORMAT = dwarf;
				ENABLE_STRICT_OBJC_MSGSEND = YES;
				ENABLE_TESTABILITY = YES;
				GCC_C_LANGUAGE_STANDARD = gnu11;
				GCC_DYNAMIC_NO_PIC = NO;
				GCC_NO_COMMON_BLOCKS = YES;
				GCC_OPTIMIZATION_LEVEL = 0;
				GCC_PREPROCESSOR_DEFINITIONS = (
					"DEBUG=1",
					"$(inherited)",
				);
				GCC_WARN_64_TO_32_BIT_CONVERSION = YES;
				GCC_WARN_ABOUT_RETURN_TYPE = YES_ERROR;
				GCC_WARN_UNDECLARED_SELECTOR = YES;
				GCC_WARN_UNINITIALIZED_AUTOS = YES_AGGRESSIVE;
				GCC_WARN_UNUSED_FUNCTION = YES;
				GCC_WARN_UNUSED_VARIABLE = YES;
				IPHONEOS_DEPLOYMENT_TARGET = 14.4;
				MTL_ENABLE_DEBUG_INFO = INCLUDE_SOURCE;
				MTL_FAST_MATH = YES;
				ONLY_ACTIVE_ARCH = YES;
				SDKROOT = iphoneos;
				SWIFT_ACTIVE_COMPILATION_CONDITIONS = DEBUG;
				SWIFT_OPTIMIZATION_LEVEL = "-Onone";
			};
			name = Debug;
		};
		688281782BB1D8EB007DC69D /* Release */ = {
			isa = XCBuildConfiguration;
			buildSettings = {
				ALWAYS_SEARCH_USER_PATHS = NO;
				CLANG_ANALYZER_NONNULL = YES;
				CLANG_ANALYZER_NUMBER_OBJECT_CONVERSION = YES_AGGRESSIVE;
				CLANG_CXX_LANGUAGE_STANDARD = "gnu++14";
				CLANG_CXX_LIBRARY = "libc++";
				CLANG_ENABLE_MODULES = YES;
				CLANG_ENABLE_OBJC_ARC = YES;
				CLANG_ENABLE_OBJC_WEAK = YES;
				CLANG_WARN_BLOCK_CAPTURE_AUTORELEASING = YES;
				CLANG_WARN_BOOL_CONVERSION = YES;
				CLANG_WARN_COMMA = YES;
				CLANG_WARN_CONSTANT_CONVERSION = YES;
				CLANG_WARN_DEPRECATED_OBJC_IMPLEMENTATIONS = YES;
				CLANG_WARN_DIRECT_OBJC_ISA_USAGE = YES_ERROR;
				CLANG_WARN_DOCUMENTATION_COMMENTS = YES;
				CLANG_WARN_EMPTY_BODY = YES;
				CLANG_WARN_ENUM_CONVERSION = YES;
				CLANG_WARN_INFINITE_RECURSION = YES;
				CLANG_WARN_INT_CONVERSION = YES;
				CLANG_WARN_NON_LITERAL_NULL_CONVERSION = YES;
				CLANG_WARN_OBJC_IMPLICIT_RETAIN_SELF = YES;
				CLANG_WARN_OBJC_LITERAL_CONVERSION = YES;
				CLANG_WARN_OBJC_ROOT_CLASS = YES_ERROR;
				CLANG_WARN_QUOTED_INCLUDE_IN_FRAMEWORK_HEADER = YES;
				CLANG_WARN_RANGE_LOOP_ANALYSIS = YES;
				CLANG_WARN_STRICT_PROTOTYPES = YES;
				CLANG_WARN_SUSPICIOUS_MOVE = YES;
				CLANG_WARN_UNGUARDED_AVAILABILITY = YES_AGGRESSIVE;
				CLANG_WARN_UNREACHABLE_CODE = YES;
				CLANG_WARN__DUPLICATE_METHOD_MATCH = YES;
				COPY_PHASE_STRIP = NO;
				DEBUG_INFORMATION_FORMAT = "dwarf-with-dsym";
				ENABLE_NS_ASSERTIONS = NO;
				ENABLE_STRICT_OBJC_MSGSEND = YES;
				GCC_C_LANGUAGE_STANDARD = gnu11;
				GCC_NO_COMMON_BLOCKS = YES;
				GCC_WARN_64_TO_32_BIT_CONVERSION = YES;
				GCC_WARN_ABOUT_RETURN_TYPE = YES_ERROR;
				GCC_WARN_UNDECLARED_SELECTOR = YES;
				GCC_WARN_UNINITIALIZED_AUTOS = YES_AGGRESSIVE;
				GCC_WARN_UNUSED_FUNCTION = YES;
				GCC_WARN_UNUSED_VARIABLE = YES;
				IPHONEOS_DEPLOYMENT_TARGET = 14.4;
				MTL_ENABLE_DEBUG_INFO = NO;
				MTL_FAST_MATH = YES;
				SDKROOT = iphoneos;
				SWIFT_COMPILATION_MODE = wholemodule;
				SWIFT_OPTIMIZATION_LEVEL = "-O";
				VALIDATE_PRODUCT = YES;
			};
			name = Release;
		};
		6882817A2BB1D8EB007DC69D /* Debug */ = {
			isa = XCBuildConfiguration;
			buildSettings = {
				ASSETCATALOG_COMPILER_APPICON_NAME = AppIcon;
				ASSETCATALOG_COMPILER_GLOBAL_ACCENT_COLOR_NAME = AccentColor;
				CODE_SIGN_STYLE = Automatic;
				INFOPLIST_FILE = Ahorcado/Info.plist;
				IPHONEOS_DEPLOYMENT_TARGET = 14.1;
				LD_RUNPATH_SEARCH_PATHS = (
					"$(inherited)",
					"@executable_path/Frameworks",
				);
				PRODUCT_BUNDLE_IDENTIFIER = UTT.Ahorcado;
				PRODUCT_NAME = "$(TARGET_NAME)";
				SWIFT_VERSION = 5.0;
				TARGETED_DEVICE_FAMILY = 1;
			};
			name = Debug;
		};
		6882817B2BB1D8EB007DC69D /* Release */ = {
			isa = XCBuildConfiguration;
			buildSettings = {
				ASSETCATALOG_COMPILER_APPICON_NAME = AppIcon;
				ASSETCATALOG_COMPILER_GLOBAL_ACCENT_COLOR_NAME = AccentColor;
				CODE_SIGN_STYLE = Automatic;
				INFOPLIST_FILE = Ahorcado/Info.plist;
				IPHONEOS_DEPLOYMENT_TARGET = 14.1;
				LD_RUNPATH_SEARCH_PATHS = (
					"$(inherited)",
					"@executable_path/Frameworks",
				);
				PRODUCT_BUNDLE_IDENTIFIER = UTT.Ahorcado;
				PRODUCT_NAME = "$(TARGET_NAME)";
				SWIFT_VERSION = 5.0;
				TARGETED_DEVICE_FAMILY = 1;
			};
			name = Release;
		};
/* End XCBuildConfiguration section */

/* Begin XCConfigurationList section */
		688281602BB1D8DF007DC69D /* Build configuration list for PBXProject "Ahorcado" */ = {
			isa = XCConfigurationList;
			buildConfigurations = (
				688281772BB1D8EB007DC69D /* Debug */,
				688281782BB1D8EB007DC69D /* Release */,
			);
			defaultConfigurationIsVisible = 0;
			defaultConfigurationName = Release;
		};
		688281792BB1D8EB007DC69D /* Build configuration list for PBXNativeTarget "Ahorcado" */ = {
			isa = XCConfigurationList;
			buildConfigurations = (
				6882817A2BB1D8EB007DC69D /* Debug */,
				6882817B2BB1D8EB007DC69D /* Release */,
			);
			defaultConfigurationIsVisible = 0;
			defaultConfigurationName = Release;
		};
/* End XCConfigurationList section */
	};
	rootObject = 6882815D2BB1D8DF007DC69D /* Project object */;
}
